
Microsoft Visual Studio Solution File, Format Version 12.00
# Visual Studio Version 17
VisualStudioVersion = 17.1.32421.90
MinimumVisualStudioVersion = 10.0.40219.1
Project("{FAE04EC0-301F-11D3-BF4B-00C04F79EFBC}") = "StackQueueArrays", "StackQueueArrays.csproj", "{61D527F6-9D07-4D3C-B562-A259B980BF68}"
EndProject
Global
	GlobalSection(SolutionConfigurationPlatforms) = preSolution
		Debug|Any CPU = Debug|Any CPU
		Release|Any CPU = Release|Any CPU
	EndGlobalSection
	GlobalSection(ProjectConfigurationPlatforms) = postSolution
		{61D527F6-9D07-4D3C-B562-A259B980BF68}.Debug|Any CPU.ActiveCfg = Debug|Any CPU
		{61D527F6-9D07-4D3C-B562-A259B980BF68}.Debug|Any CPU.Build.0 = Debug|Any CPU
		{61D527F6-9D07-4D3C-B562-A259B980BF68}.Release|Any CPU.ActiveCfg = Release|Any CPU
		{61D527F6-9D07-4D3C-B562-A259B980BF68}.Release|Any CPU.Build.0 = Release|Any CPU
	EndGlobalSection
	GlobalSection(SolutionProperties) = preSolution
		HideSolutionNode = FALSE
	EndGlobalSection
	GlobalSection(ExtensibilityGlobals) = postSolution
		SolutionGuid = {938C1641-F688-46EE-B3EF-67FCFD0B7D9A}
	EndGlobalSection
EndGlobal
